
Microsoft Visual Studio Solution File, Format Version 12.00
# Visual Studio Version 17
VisualStudioVersion = 17.3.32825.248
MinimumVisualStudioVersion = 10.0.40219.1
Project("{8BC9CEB8-8B4A-11D0-8D11-00A0C91BC942}") = "Payment Application Project", "Payment Application Project\Payment Application Project.vcxproj", "{DEF2F17C-C23E-4E5F-AC9C-375F5FB2835A}"
EndProject
Global
	GlobalSection(SolutionConfigurationPlatforms) = preSolution
		Debug|x64 = Debug|x64
		Debug|x86 = Debug|x86
		Release|x64 = Release|x64
		Release|x86 = Release|x86
	EndGlobalSection
	GlobalSection(ProjectConfigurationPlatforms) = postSolution
		{DEF2F17C-C23E-4E5F-AC9C-375F5FB2835A}.Debug|x64.ActiveCfg = Debug|x64
		{DEF2F17C-C23E-4E5F-AC9C-375F5FB2835A}.Debug|x64.Build.0 = Debug|x64
		{DEF2F17C-C23E-4E5F-AC9C-375F5FB2835A}.Debug|x86.ActiveCfg = Debug|Win32
		{DEF2F17C-C23E-4E5F-AC9C-375F5FB2835A}.Debug|x86.Build.0 = Debug|Win32
		{DEF2F17C-C23E-4E5F-AC9C-375F5FB2835A}.Release|x64.ActiveCfg = Release|x64
		{DEF2F17C-C23E-4E5F-AC9C-375F5FB2835A}.Release|x64.Build.0 = Release|x64
		{DEF2F17C-C23E-4E5F-AC9C-375F5FB2835A}.Release|x86.ActiveCfg = Release|Win32
		{DEF2F17C-C23E-4E5F-AC9C-375F5FB2835A}.Release|x86.Build.0 = Release|Win32
	EndGlobalSection
	GlobalSection(SolutionProperties) = preSolution
		HideSolutionNode = FALSE
	EndGlobalSection
	GlobalSection(ExtensibilityGlobals) = postSolution
		SolutionGuid = {F120F33B-024E-4C64-9D20-A787B068DBDF}
	EndGlobalSection
EndGlobal
